
Microsoft Visual Studio Solution File, Format Version 12.00
# Visual Studio 2012
Project("{FAE04EC0-301F-11D3-BF4B-00C04F79EFBC}") = "Movie Library", "Movie Library\Movie Library.csproj", "{141E351F-D027-4005-A2D5-FAA0BEE682FC}"
EndProject
Global
	GlobalSection(SolutionConfigurationPlatforms) = preSolution
		Debug|Any CPU = Debug|Any CPU
		Release|Any CPU = Release|Any CPU
	EndGlobalSection
	GlobalSection(ProjectConfigurationPlatforms) = postSolution
		{141E351F-D027-4005-A2D5-FAA0BEE682FC}.Debug|Any CPU.ActiveCfg = Debug|Any CPU
		{141E351F-D027-4005-A2D5-FAA0BEE682FC}.Debug|Any CPU.Build.0 = Debug|Any CPU
		{141E351F-D027-4005-A2D5-FAA0BEE682FC}.Release|Any CPU.ActiveCfg = Release|Any CPU
		{141E351F-D027-4005-A2D5-FAA0BEE682FC}.Release|Any CPU.Build.0 = Release|Any CPU
	EndGlobalSection
	GlobalSection(SolutionProperties) = preSolution
		HideSolutionNode = FALSE
	EndGlobalSection
EndGlobal
